
Microsoft Visual Studio Solution File, Format Version 12.00
# Visual Studio Version 17
VisualStudioVersion = 17.8.34322.80
MinimumVisualStudioVersion = 10.0.40219.1
Project("{FAE04EC0-301F-11D3-BF4B-00C04F79EFBC}") = "DeliRazApp", "DeliRazApp\DeliRazApp.csproj", "{FDDD0327-828D-461B-8221-8883B7CEF2F9}"
EndProject
Global
	GlobalSection(SolutionConfigurationPlatforms) = preSolution
		Debug|Any CPU = Debug|Any CPU
		Release|Any CPU = Release|Any CPU
	EndGlobalSection
	GlobalSection(ProjectConfigurationPlatforms) = postSolution
		{FDDD0327-828D-461B-8221-8883B7CEF2F9}.Debug|Any CPU.ActiveCfg = Debug|Any CPU
		{FDDD0327-828D-461B-8221-8883B7CEF2F9}.Debug|Any CPU.Build.0 = Debug|Any CPU
		{FDDD0327-828D-461B-8221-8883B7CEF2F9}.Debug|Any CPU.Deploy.0 = Debug|Any CPU
		{FDDD0327-828D-461B-8221-8883B7CEF2F9}.Release|Any CPU.ActiveCfg = Release|Any CPU
		{FDDD0327-828D-461B-8221-8883B7CEF2F9}.Release|Any CPU.Build.0 = Release|Any CPU
		{FDDD0327-828D-461B-8221-8883B7CEF2F9}.Release|Any CPU.Deploy.0 = Release|Any CPU
	EndGlobalSection
	GlobalSection(SolutionProperties) = preSolution
		HideSolutionNode = FALSE
	EndGlobalSection
	GlobalSection(ExtensibilityGlobals) = postSolution
		SolutionGuid = {8188A97A-CF48-4AC2-83E9-88B9E3BAB626}
	EndGlobalSection
EndGlobal
